{
  "requires": true,
  "lockfileVersion": 1,
  "dependencies": {
    "@babel/runtime": {
      "version": "7.12.5",
      "resolved": "https://registry.npmjs.org/@babel/runtime/-/runtime-7.12.5.tgz",
      "integrity": "sha512-plcc+hbExy3McchJCEQG3knOsuh3HH+Prx1P6cLIkET/0dLuQDEnrT+s27Axgc9bqfsmNUNHfscgMUdBpC9xfg==",
      "requires": {
        "regenerator-runtime": "^0.13.4"
      }
    },
    "@videojs/http-streaming": {
      "version": "2.2.4",
      "resolved": "https://registry.npmjs.org/@videojs/http-streaming/-/http-streaming-2.2.4.tgz",
      "integrity": "sha512-gzT46RpAEegOhMId/zZ6uXCVGDMPOv8qmoTykBuvd6/4lVM3lZ1ZJCq0kytAkisDuDKipy93gP46oZEtonlc/Q==",
      "requires": {
        "@babel/runtime": "^7.5.5",
        "@videojs/vhs-utils": "^2.2.1",
        "aes-decrypter": "3.1.0",
        "global": "^4.3.2",
        "m3u8-parser": "4.5.0",
        "mpd-parser": "0.14.0",
        "mux.js": "5.6.7",
        "video.js": "^6 || ^7"
      }
    },
    "@videojs/vhs-utils": {
      "version": "2.3.0",
      "resolved": "https://registry.npmjs.org/@videojs/vhs-utils/-/vhs-utils-2.3.0.tgz",
      "integrity": "sha512-ThSmm91S7tuIJ757ON50K4y7S/bvKN4+B0tu303gCOxaG57PoP1UvPfMQZ90XGhxwNgngexVojOqbBHhTvXVHQ==",
      "requires": {
        "@babel/runtime": "^7.5.5",
        "global": "^4.3.2",
        "url-toolkit": "^2.1.6"
      }
    },
    "@videojs/xhr": {
      "version": "2.5.1",
      "resolved": "https://registry.npmjs.org/@videojs/xhr/-/xhr-2.5.1.tgz",
      "integrity": "sha512-wV9nGESHseSK+S9ePEru2+OJZ1jq/ZbbzniGQ4weAmTIepuBMSYPx5zrxxQA0E786T5ykpO8ts+LayV+3/oI2w==",
      "requires": {
        "@babel/runtime": "^7.5.5",
        "global": "~4.4.0",
        "is-function": "^1.0.1"
      }
    },
    "aes-decrypter": {
      "version": "3.1.0",
      "resolved": "https://registry.npmjs.org/aes-decrypter/-/aes-decrypter-3.1.0.tgz",
      "integrity": "sha512-wL1NFwP2yNrJG4InpXYFhhYe9TfonnDyhyxMq2+K9/qt+SrZzUieOpviN6pkDly7GawTqw5feehk0rn5iYo00g==",
      "requires": {
        "@babel/runtime": "^7.5.5",
        "@videojs/vhs-utils": "^2.2.1",
        "global": "^4.3.2",
        "pkcs7": "^1.0.4"
      }
    },
    "any-promise": {
      "version": "1.3.0",
      "resolved": "https://registry.npmjs.org/any-promise/-/any-promise-1.3.0.tgz",
      "integrity": "sha1-q8av7tzqUugJzcA3au0845Y10X8="
    },
    "babel-runtime": {
      "version": "6.26.0",
      "resolved": "https://registry.npmjs.org/babel-runtime/-/babel-runtime-6.26.0.tgz",
      "integrity": "sha1-llxwWGaOgrVde/4E/yM3vItWR/4=",
      "requires": {
        "core-js": "^2.4.0",
        "regenerator-runtime": "^0.11.0"
      },
      "dependencies": {
        "regenerator-runtime": {
          "version": "0.11.1",
          "resolved": "https://registry.npmjs.org/regenerator-runtime/-/regenerator-runtime-0.11.1.tgz",
          "integrity": "sha512-MguG95oij0fC3QV3URf4V2SDYGJhJnJGqvIIgdECeODCT98wSWDAJ94SSuVpYQUoTcGUIL6L4yNB7j1DFFHSBg=="
        }
      }
    },
    "balanced-match": {
      "version": "1.0.0",
      "resolved": "https://registry.npmjs.org/balanced-match/-/balanced-match-1.0.0.tgz",
      "integrity": "sha1-ibTRmasr7kneFk6gK4nORi1xt2c="
    },
    "brace-expansion": {
      "version": "1.1.11",
      "resolved": "https://registry.npmjs.org/brace-expansion/-/brace-expansion-1.1.11.tgz",
      "integrity": "sha512-iCuPHDFgrHX7H2vEI/5xpz07zSHB00TpugqhmYtVmMO6518mCuRMoOYFldEBl0g187ufozdaHgWKcYFb61qGiA==",
      "requires": {
        "balanced-match": "^1.0.0",
        "concat-map": "0.0.1"
      }
    },
    "call-bind": {
      "version": "1.0.2",
      "resolved": "https://registry.npmjs.org/call-bind/-/call-bind-1.0.2.tgz",
      "integrity": "sha512-7O+FbCihrB5WGbFYesctwmTKae6rOiIzmz1icreWJ+0aA7LJfuqhEso2T9ncpcFtzMQtzXf2QGGueWJGTYsqrA==",
      "requires": {
        "function-bind": "^1.1.1",
        "get-intrinsic": "^1.0.2"
      }
    },
    "concat-map": {
      "version": "0.0.1",
      "resolved": "https://registry.npmjs.org/concat-map/-/concat-map-0.0.1.tgz",
      "integrity": "sha1-2Klr13/Wjfd5OnMDajug1UBdR3s="
    },
    "core-js": {
      "version": "2.6.12",
      "resolved": "https://registry.npmjs.org/core-js/-/core-js-2.6.12.tgz",
      "integrity": "sha512-Kb2wC0fvsWfQrgk8HU5lW6U/Lcs8+9aaYcy4ZFc6DDlo4nZ7n70dEgE5rtR0oG6ufKDUnrwfWL1mXR5ljDatrQ=="
    },
    "define-properties": {
      "version": "1.1.3",
      "resolved": "https://registry.npmjs.org/define-properties/-/define-properties-1.1.3.tgz",
      "integrity": "sha512-3MqfYKj2lLzdMSf8ZIZE/V+Zuy+BgD6f164e8K2w7dgnpKArBDerGYpM46IYYcjnkdPNMjPk9A6VFB8+3SKlXQ==",
      "requires": {
        "object-keys": "^1.0.12"
      }
    },
    "dom-walk": {
      "version": "0.1.2",
      "resolved": "https://registry.npmjs.org/dom-walk/-/dom-walk-0.1.2.tgz",
      "integrity": "sha512-6QvTW9mrGeIegrFXdtQi9pk7O/nSK6lSdXW2eqUspN5LWD7UTji2Fqw5V2YLjBpHEoU9Xl/eUWNpDeZvoyOv2w=="
    },
    "es5-shim": {
      "version": "4.5.15",
      "resolved": "https://registry.npmjs.org/es5-shim/-/es5-shim-4.5.15.tgz",
      "integrity": "sha512-FYpuxEjMeDvU4rulKqFdukQyZSTpzhg4ScQHrAosrlVpR6GFyaw14f74yn2+4BugniIS0Frpg7TvwZocU4ZMTw=="
    },
    "fs-extra": {
      "version": "0.26.7",
      "resolved": "https://registry.npmjs.org/fs-extra/-/fs-extra-0.26.7.tgz",
      "integrity": "sha1-muH92UiXeY7at20JGM9C0MMYT6k=",
      "requires": {
        "graceful-fs": "^4.1.2",
        "jsonfile": "^2.1.0",
        "klaw": "^1.0.0",
        "path-is-absolute": "^1.0.0",
        "rimraf": "^2.2.8"
      }
    },
    "fs-promise": {
      "version": "0.5.0",
      "resolved": "https://registry.npmjs.org/fs-promise/-/fs-promise-0.5.0.tgz",
      "integrity": "sha1-Q0fWv2JGVacGGkMZITw5MnatPvM=",
      "requires": {
        "any-promise": "^1.0.0",
        "fs-extra": "^0.26.5",
        "mz": "^2.3.1",
        "thenify-all": "^1.6.0"
      }
    },
    "fs.realpath": {
      "version": "1.0.0",
      "resolved": "https://registry.npmjs.org/fs.realpath/-/fs.realpath-1.0.0.tgz",
      "integrity": "sha1-FQStJSMVjKpA20onh8sBQRmU6k8="
    },
    "function-bind": {
      "version": "1.1.1",
      "resolved": "https://registry.npmjs.org/function-bind/-/function-bind-1.1.1.tgz",
      "integrity": "sha512-yIovAzMX49sF8Yl58fSCWJ5svSLuaibPxXQJFLmBObTuCr0Mf1KiPopGM9NiFjiYBCbfaa2Fh6breQ6ANVTI0A=="
    },
    "get-intrinsic": {
      "version": "1.0.2",
      "resolved": "https://registry.npmjs.org/get-intrinsic/-/get-intrinsic-1.0.2.tgz",
      "integrity": "sha512-aeX0vrFm21ILl3+JpFFRNe9aUvp6VFZb2/CTbgLb8j75kOhvoNYjt9d8KA/tJG4gSo8nzEDedRl0h7vDmBYRVg==",
      "requires": {
        "function-bind": "^1.1.1",
        "has": "^1.0.3",
        "has-symbols": "^1.0.1"
      }
    },
    "glob": {
      "version": "7.1.6",
      "resolved": "https://registry.npmjs.org/glob/-/glob-7.1.6.tgz",
      "integrity": "sha512-LwaxwyZ72Lk7vZINtNNrywX0ZuLyStrdDtabefZKAY5ZGJhVtgdznluResxNmPitE0SAO+O26sWTHeKSI2wMBA==",
      "requires": {
        "fs.realpath": "^1.0.0",
        "inflight": "^1.0.4",
        "inherits": "2",
        "minimatch": "^3.0.4",
        "once": "^1.3.0",
        "path-is-absolute": "^1.0.0"
      }
    },
    "global": {
      "version": "4.4.0",
      "resolved": "https://registry.npmjs.org/global/-/global-4.4.0.tgz",
      "integrity": "sha512-wv/LAoHdRE3BeTGz53FAamhGlPLhlssK45usmGFThIi4XqnBmjKQ16u+RNbP7WvigRZDxUsM0J3gcQ5yicaL0w==",
      "requires": {
        "min-document": "^2.19.0",
        "process": "^0.11.10"
      }
    },
    "graceful-fs": {
      "version": "4.2.4",
      "resolved": "https://registry.npmjs.org/graceful-fs/-/graceful-fs-4.2.4.tgz",
      "integrity": "sha512-WjKPNJF79dtJAVniUlGGWHYGz2jWxT6VhN/4m1NdkbZ2nOsEF+cI1Edgql5zCRhs/VsQYRvrXctxktVXZUkixw=="
    },
    "has": {
      "version": "1.0.3",
      "resolved": "https://registry.npmjs.org/has/-/has-1.0.3.tgz",
      "integrity": "sha512-f2dvO0VU6Oej7RkWJGrehjbzMAjFp5/VKPp5tTpWIV4JHHZK1/BxbFRtf/siA2SWTe09caDmVtYYzWEIbBS4zw==",
      "requires": {
        "function-bind": "^1.1.1"
      }
    },
    "has-symbols": {
      "version": "1.0.1",
      "resolved": "https://registry.npmjs.org/has-symbols/-/has-symbols-1.0.1.tgz",
      "integrity": "sha512-PLcsoqu++dmEIZB+6totNFKq/7Do+Z0u4oT0zKOJNl3lYK6vGwwu2hjHs+68OEZbTjiUE9bgOABXbP/GvrS0Kg=="
    },
    "individual": {
      "version": "2.0.0",
      "resolved": "https://registry.npmjs.org/individual/-/individual-2.0.0.tgz",
      "integrity": "sha1-gzsJfa0jKU52EXqY+zjg2a1hu5c="
    },
    "inflight": {
      "version": "1.0.6",
      "resolved": "https://registry.npmjs.org/inflight/-/inflight-1.0.6.tgz",
      "integrity": "sha1-Sb1jMdfQLQwJvJEKEHW6gWW1bfk=",
      "requires": {
        "once": "^1.3.0",
        "wrappy": "1"
      }
    },
    "inherits": {
      "version": "2.0.4",
      "resolved": "https://registry.npmjs.org/inherits/-/inherits-2.0.4.tgz",
      "integrity": "sha512-k/vGaX4/Yla3WzyMCvTQOXYeIHvqOKtnqBduzTHpzpQZzAskKMhZ2K+EnBiSM9zGSoIFeMpXKxa4dYeZIQqewQ=="
    },
    "is-function": {
      "version": "1.0.2",
      "resolved": "https://registry.npmjs.org/is-function/-/is-function-1.0.2.tgz",
      "integrity": "sha512-lw7DUp0aWXYg+CBCN+JKkcE0Q2RayZnSvnZBlwgxHBQhqt5pZNVy4Ri7H9GmmXkdu7LUthszM+Tor1u/2iBcpQ=="
    },
    "jsonfile": {
      "version": "2.4.0",
      "resolved": "https://registry.npmjs.org/jsonfile/-/jsonfile-2.4.0.tgz",
      "integrity": "sha1-NzaitCi4e72gzIO1P6PWM6NcKug=",
      "requires": {
        "graceful-fs": "^4.1.6"
      }
    },
    "karma-safaritechpreview-launcher": {
      "version": "0.0.6",
      "resolved": "https://registry.npmjs.org/karma-safaritechpreview-launcher/-/karma-safaritechpreview-launcher-0.0.6.tgz",
      "integrity": "sha512-2QMxAGXPQ37H3KoR9SCdh0OoktQZ5MyrxkvBiZ+VVOQfYVrcyOQXGrPea0/DKvf8qoQvrvP2FHcP/BxsuxuyHw==",
      "requires": {
        "fs-promise": "^0.5.0",
        "marcosc-async": "^3.0.4"
      }
    },
    "keycode": {
      "version": "2.2.0",
      "resolved": "https://registry.npmjs.org/keycode/-/keycode-2.2.0.tgz",
      "integrity": "sha1-PQr1bce4uOXLqNCpfxByBO7CKwQ="
    },
    "klaw": {
      "version": "1.3.1",
      "resolved": "https://registry.npmjs.org/klaw/-/klaw-1.3.1.tgz",
      "integrity": "sha1-QIhDO0azsbolnXh4XY6W9zugJDk=",
      "requires": {
        "graceful-fs": "^4.1.9"
      }
    },
    "m3u8-parser": {
      "version": "4.5.0",
      "resolved": "https://registry.npmjs.org/m3u8-parser/-/m3u8-parser-4.5.0.tgz",
      "integrity": "sha512-RGm/1WVCX3o1bSWbJGmJUu4zTbtJy8lImtgHM4CESFvJRXYztr1j6SW/q9/ghYOrUjgH7radsIar+z1Leln0sA==",
      "requires": {
        "@babel/runtime": "^7.5.5",
        "@videojs/vhs-utils": "^2.2.1",
        "global": "^4.3.2"
      }
    },
    "marcosc-async": {
      "version": "3.0.5",
      "resolved": "https://registry.npmjs.org/marcosc-async/-/marcosc-async-3.0.5.tgz",
      "integrity": "sha1-QebVbGVsgRhZ00uXoKJgk/cdw2A="
    },
    "min-document": {
      "version": "2.19.0",
      "resolved": "https://registry.npmjs.org/min-document/-/min-document-2.19.0.tgz",
      "integrity": "sha1-e9KC4/WELtKVu3SM3Z8f+iyCRoU=",
      "requires": {
        "dom-walk": "^0.1.0"
      }
    },
    "minimatch": {
      "version": "3.0.4",
      "resolved": "https://registry.npmjs.org/minimatch/-/minimatch-3.0.4.tgz",
      "integrity": "sha512-yJHVQEhyqPLUTgt9B83PXu6W3rx4MvvHvSUvToogpwoGDOUQ+yDrR0HRot+yOCdCO7u4hX3pWft6kWBBcqh0UA==",
      "requires": {
        "brace-expansion": "^1.1.7"
      }
    },
    "mpd-parser": {
      "version": "0.14.0",
      "resolved": "https://registry.npmjs.org/mpd-parser/-/mpd-parser-0.14.0.tgz",
      "integrity": "sha512-HqXQS3WLofcnYFcxv5oWdlciddUaEnN3NasXLVQ793mdnZRrinjz2Yk1DsUYPDYOUWf6ZBBqbFhaJT5LiT2ouA==",
      "requires": {
        "@babel/runtime": "^7.5.5",
        "@videojs/vhs-utils": "^2.2.1",
        "global": "^4.3.2",
        "xmldom": "^0.1.27"
      }
    },
    "mux.js": {
      "version": "5.6.7",
      "resolved": "https://registry.npmjs.org/mux.js/-/mux.js-5.6.7.tgz",
      "integrity": "sha512-YSr6B8MUgE4S18MptbY2XM+JKGbw9JDkgs7YkuE/T2fpDKjOhZfb/nD6vmsVxvLYOExWNaQn1UGBp6PGsnTtew=="
    },
    "mz": {
      "version": "2.7.0",
      "resolved": "https://registry.npmjs.org/mz/-/mz-2.7.0.tgz",
      "integrity": "sha512-z81GNO7nnYMEhrGh9LeymoE4+Yr0Wn5McHIZMK5cfQCl+NDX08sCZgUc9/6MHni9IWuFLm1Z3HTCXu2z9fN62Q==",
      "requires": {
        "any-promise": "^1.0.0",
        "object-assign": "^4.0.1",
        "thenify-all": "^1.0.0"
      }
    },
    "object-assign": {
      "version": "4.1.1",
      "resolved": "https://registry.npmjs.org/object-assign/-/object-assign-4.1.1.tgz",
      "integrity": "sha1-IQmtx5ZYh8/AXLvUQsrIv7s2CGM="
    },
    "object-keys": {
      "version": "1.1.1",
      "resolved": "https://registry.npmjs.org/object-keys/-/object-keys-1.1.1.tgz",
      "integrity": "sha512-NuAESUOUMrlIXOfHKzD6bpPu3tYt3xvjNdRIQ+FeT0lNb4K8WR70CaDxhuNguS2XG+GjkyMwOzsN5ZktImfhLA=="
    },
    "object.assign": {
      "version": "4.1.2",
      "resolved": "https://registry.npmjs.org/object.assign/-/object.assign-4.1.2.tgz",
      "integrity": "sha512-ixT2L5THXsApyiUPYKmW+2EHpXXe5Ii3M+f4e+aJFAHao5amFRW6J0OO6c/LU8Be47utCx2GL89hxGB6XSmKuQ==",
      "requires": {
        "call-bind": "^1.0.0",
        "define-properties": "^1.1.3",
        "has-symbols": "^1.0.1",
        "object-keys": "^1.1.1"
      }
    },
    "once": {
      "version": "1.4.0",
      "resolved": "https://registry.npmjs.org/once/-/once-1.4.0.tgz",
      "integrity": "sha1-WDsap3WWHUsROsF9nFC6753Xa9E=",
      "requires": {
        "wrappy": "1"
      }
    },
    "parse-headers": {
      "version": "2.0.3",
      "resolved": "https://registry.npmjs.org/parse-headers/-/parse-headers-2.0.3.tgz",
      "integrity": "sha512-QhhZ+DCCit2Coi2vmAKbq5RGTRcQUOE2+REgv8vdyu7MnYx2eZztegqtTx99TZ86GTIwqiy3+4nQTWZ2tgmdCA=="
    },
    "path-is-absolute": {
      "version": "1.0.1",
      "resolved": "https://registry.npmjs.org/path-is-absolute/-/path-is-absolute-1.0.1.tgz",
      "integrity": "sha1-F0uSaHNVNP+8es5r9TpanhtcX18="
    },
    "pkcs7": {
      "version": "1.0.4",
      "resolved": "https://registry.npmjs.org/pkcs7/-/pkcs7-1.0.4.tgz",
      "integrity": "sha512-afRERtHn54AlwaF2/+LFszyAANTCggGilmcmILUzEjvs3XgFZT+xE6+QWQcAGmu4xajy+Xtj7acLOPdx5/eXWQ==",
      "requires": {
        "@babel/runtime": "^7.5.5"
      }
    },
    "process": {
      "version": "0.11.10",
      "resolved": "https://registry.npmjs.org/process/-/process-0.11.10.tgz",
      "integrity": "sha1-czIwDoQBYb2j5podHZGn1LwW8YI="
    },
    "regenerator-runtime": {
      "version": "0.13.7",
      "resolved": "https://registry.npmjs.org/regenerator-runtime/-/regenerator-runtime-0.13.7.tgz",
      "integrity": "sha512-a54FxoJDIr27pgf7IgeQGxmqUNYrcV338lf/6gH456HZ/PhX+5BcwHXG9ajESmwe6WRO0tAzRUrRmNONWgkrew=="
    },
    "rimraf": {
      "version": "2.7.1",
      "resolved": "https://registry.npmjs.org/rimraf/-/rimraf-2.7.1.tgz",
      "integrity": "sha512-uWjbaKIK3T1OSVptzX7Nl6PvQ3qAGtKEtVRjRuazjfL3Bx5eI409VZSqgND+4UNnmzLVdPj9FqFJNPqBZFve4w==",
      "requires": {
        "glob": "^7.1.3"
      }
    },
    "rust-result": {
      "version": "1.0.0",
      "resolved": "https://registry.npmjs.org/rust-result/-/rust-result-1.0.0.tgz",
      "integrity": "sha1-NMdbLm3Dn+WHXlveyFteD5FTb3I=",
      "requires": {
        "individual": "^2.0.0"
      }
    },
    "safe-json-parse": {
      "version": "4.0.0",
      "resolved": "https://registry.npmjs.org/safe-json-parse/-/safe-json-parse-4.0.0.tgz",
      "integrity": "sha1-fA9XjPzNEtM6ccDgVBPi7KFx6qw=",
      "requires": {
        "rust-result": "^1.0.0"
      }
    },
    "thenify": {
      "version": "3.3.1",
      "resolved": "https://registry.npmjs.org/thenify/-/thenify-3.3.1.tgz",
      "integrity": "sha512-RVZSIV5IG10Hk3enotrhvz0T9em6cyHBLkH/YAZuKqd8hRkKhSfCGIcP2KUY0EPxndzANBmNllzWPwak+bheSw==",
      "requires": {
        "any-promise": "^1.0.0"
      }
    },
    "thenify-all": {
      "version": "1.6.0",
      "resolved": "https://registry.npmjs.org/thenify-all/-/thenify-all-1.6.0.tgz",
      "integrity": "sha1-GhkY1ALY/D+Y+/I02wvMjMEOlyY=",
      "requires": {
        "thenify": ">= 3.1.0 < 4"
      }
    },
    "tsml": {
      "version": "1.0.1",
      "resolved": "https://registry.npmjs.org/tsml/-/tsml-1.0.1.tgz",
      "integrity": "sha1-ifghi52eJX9H1/a1bQHFpNLGj8M="
    },
    "url-toolkit": {
      "version": "2.2.1",
      "resolved": "https://registry.npmjs.org/url-toolkit/-/url-toolkit-2.2.1.tgz",
      "integrity": "sha512-8+DzgrtDZYZGhHaAop5WGVghMdCfOLGbhcArsJD0qDll71FXa7EeKxi2hilPIscn2nwMz4PRjML32Sz4JTN0Xw=="
    },
    "video.js": {
      "version": "7.10.2",
      "resolved": "https://registry.npmjs.org/video.js/-/video.js-7.10.2.tgz",
      "integrity": "sha512-kJTTrqcQn2MhPzWR8zQs6W3HPJWpowO/ZGZcKt2dcJeJdJT0dEDLYtiFdjV37SylCmu66V0flRnV8cipbthveQ==",
      "requires": {
        "@babel/runtime": "^7.9.2",
        "@videojs/http-streaming": "2.2.4",
        "@videojs/xhr": "2.5.1",
        "global": "4.3.2",
        "keycode": "^2.2.0",
        "safe-json-parse": "4.0.0",
        "videojs-font": "3.2.0",
        "videojs-vtt.js": "^0.15.2"
      },
      "dependencies": {
        "global": {
          "version": "4.3.2",
          "resolved": "https://registry.npmjs.org/global/-/global-4.3.2.tgz",
          "integrity": "sha1-52mJJopsdMOJCLEwWxD8DjlOnQ8=",
          "requires": {
            "min-document": "^2.19.0",
            "process": "~0.5.1"
          }
        },
        "process": {
          "version": "0.5.2",
          "resolved": "https://registry.npmjs.org/process/-/process-0.5.2.tgz",
          "integrity": "sha1-FjjYqONML0QKkduVq5rrZ3/Bhc8="
        }
      }
    },
    "videojs-chromecast": {
      "version": "2.0.8",
      "resolved": "https://registry.npmjs.org/videojs-chromecast/-/videojs-chromecast-2.0.8.tgz",
      "integrity": "sha1-VeKRHPXMQnl0wdjoDU0iEk0VLvk=",
      "requires": {
        "global": "^4.3.0",
        "object.assign": "^4.0.3",
        "video.js": "^5.0.0"
      },
      "dependencies": {
        "process": {
          "version": "0.5.2",
          "resolved": "https://registry.npmjs.org/process/-/process-0.5.2.tgz",
          "integrity": "sha1-FjjYqONML0QKkduVq5rrZ3/Bhc8="
        },
        "video.js": {
          "version": "5.20.5",
          "resolved": "https://registry.npmjs.org/video.js/-/video.js-5.20.5.tgz",
          "integrity": "sha1-RFza4gS85Fl4LYajGyWjKv1tjv8=",
          "requires": {
            "babel-runtime": "^6.9.2",
            "global": "4.3.0",
            "safe-json-parse": "4.0.0",
            "tsml": "1.0.1",
            "videojs-font": "2.0.0",
            "videojs-ie8": "1.1.2",
            "videojs-swf": "5.4.1",
            "videojs-vtt.js": "0.12.6",
            "xhr": "2.2.2"
          },
          "dependencies": {
            "global": {
              "version": "4.3.0",
              "resolved": "https://registry.npmjs.org/global/-/global-4.3.0.tgz",
              "integrity": "sha1-737EvurVebRU9evV5/MD21T0Kis=",
              "requires": {
                "min-document": "^2.6.1",
                "process": "~0.5.1"
              }
            }
          }
        },
        "videojs-font": {
          "version": "2.0.0",
          "resolved": "https://registry.npmjs.org/videojs-font/-/videojs-font-2.0.0.tgz",
          "integrity": "sha1-r3Rh751LleAzS/+3iy8v8DZKkDQ="
        },
        "videojs-vtt.js": {
          "version": "0.12.6",
          "resolved": "https://registry.npmjs.org/videojs-vtt.js/-/videojs-vtt.js-0.12.6.tgz",
          "integrity": "sha512-XFXeGBQiljnElMhwCcZst0RDbZn2n8LU7ZScXryd3a00OaZsHAjdZu/7/RdSr7Z1jHphd45FnOvOQkGK4YrWCQ==",
          "requires": {
            "global": "^4.3.1"
          }
        }
      }
    },
    "videojs-contrib-quality-levels": {
      "version": "2.0.9",
      "resolved": "https://registry.npmjs.org/videojs-contrib-quality-levels/-/videojs-contrib-quality-levels-2.0.9.tgz",
      "integrity": "sha512-HJeaJJQdSufi9Y5T7jlyyhkeq+mWPCog86q6ypoTi66boBMMJTo2abiOSHS9KaOGAJjH72gfvrjVY5FRdjlxYA==",
      "requires": {
        "global": "^4.3.2",
        "video.js": "^6 || ^7"
      }
    },
    "videojs-css": {
      "version": "1.1.0",
      "resolved": "https://registry.npmjs.org/videojs-css/-/videojs-css-1.1.0.tgz",
      "integrity": "sha512-xyp34GxvT8O+jS6X3N/4PHu019qp9N3+yJ0/F/p5tVEf0a/W3LK90ghb1Sg5mihxJTy3XTN3BuIe16TVHFJOSQ==",
      "requires": {
        "global": "^4.4.0",
        "video.js": "^6 || ^7"
      }
    },
    "videojs-font": {
      "version": "3.2.0",
      "resolved": "https://registry.npmjs.org/videojs-font/-/videojs-font-3.2.0.tgz",
      "integrity": "sha512-g8vHMKK2/JGorSfqAZQUmYYNnXmfec4MLhwtEFS+mMs2IDY398GLysy6BH6K+aS1KMNu/xWZ8Sue/X/mdQPliA=="
    },
    "videojs-hls-quality-selector": {
      "version": "1.1.4",
      "resolved": "https://registry.npmjs.org/videojs-hls-quality-selector/-/videojs-hls-quality-selector-1.1.4.tgz",
      "integrity": "sha512-wWAjlLQui02gp//t9KHGd3XnbYO7wdOptskh3ZYCrbl/5Lbkveqb9yBVjH4e0zIQBPvGdWPMcOeDukf8iuYeBw==",
      "requires": {
        "global": "^4.3.2",
        "karma-safaritechpreview-launcher": "0.0.6",
        "video.js": "^7.5.5",
        "videojs-contrib-quality-levels": "^2.0.9"
      }
    },
    "videojs-hotkeys": {
      "version": "0.2.27",
      "resolved": "https://registry.npmjs.org/videojs-hotkeys/-/videojs-hotkeys-0.2.27.tgz",
      "integrity": "sha512-pwtm1QocRmzJy1PWQsmFVHyeldYHHpLdeATK3FsFHVMmNpz6CROkAn8TFy2UILr8Ghgq134K8jEKNue8HWpudQ=="
    },
    "videojs-ie8": {
      "version": "1.1.2",
      "resolved": "https://registry.npmjs.org/videojs-ie8/-/videojs-ie8-1.1.2.tgz",
      "integrity": "sha1-oj09hgitcZK2nGB3/E64SJmNNdk=",
      "requires": {
        "es5-shim": "^4.5.1"
      }
    },
    "videojs-landscape-fullscreen": {
      "version": "11.1.0",
      "resolved": "https://registry.npmjs.org/videojs-landscape-fullscreen/-/videojs-landscape-fullscreen-11.1.0.tgz",
      "integrity": "sha512-uOZft+FvaF7VmglGTOLMZdrnuCpga5ZMk+ykahE0WVHKI7dibDufD8e/s9TUaRHOP1Xl1B42rQW4H9yByHf0bQ==",
      "requires": {
        "global": "^4.4.0"
      }
    },
    "videojs-overlay": {
      "version": "2.1.4",
      "resolved": "https://registry.npmjs.org/videojs-overlay/-/videojs-overlay-2.1.4.tgz",
      "integrity": "sha512-eonf+la2WHZJUvaZXtX1UtpwNRe8Zq5HUkBXgDX9zKOFQ9ppMio7LbYMBVKpei6BcqOOgdNVit1h7NGe6ySe3w==",
      "requires": {
        "global": "^4.3.2",
        "video.js": "^6 || ^7"
      }
    },
    "videojs-resolution-switcher": {
      "version": "0.4.2",
      "resolved": "https://registry.npmjs.org/videojs-resolution-switcher/-/videojs-resolution-switcher-0.4.2.tgz",
      "integrity": "sha1-U+84xY6VuQphp0Ut6Bd+6DiiZAU="
    },
    "videojs-social-share-overlay": {
      "version": "0.0.11",
      "resolved": "https://registry.npmjs.org/videojs-social-share-overlay/-/videojs-social-share-overlay-0.0.11.tgz",
      "integrity": "sha512-Q7BxsbbX2Vy/FyLf5+OUiB129IxDiNQRR2z/g6qaY9tO1tK4znmHTbJ5veSXeAl9MmkFtdPJu70HT4IxEh4DfQ==",
      "requires": {
        "global": "^4.3.2",
        "video.js": "^5.19.2 || ^6.6.0 || ^7.2.0"
      }
    },
    "videojs-swf": {
      "version": "5.4.1",
      "resolved": "https://registry.npmjs.org/videojs-swf/-/videojs-swf-5.4.1.tgz",
      "integrity": "sha1-IHfvccdJ8seCPvSbq65N0qywj4c="
    },
    "videojs-vtt.js": {
      "version": "0.15.2",
      "resolved": "https://registry.npmjs.org/videojs-vtt.js/-/videojs-vtt.js-0.15.2.tgz",
      "integrity": "sha512-kEo4hNMvu+6KhPvVYPKwESruwhHC3oFis133LwhXHO9U7nRnx0RiJYMiqbgwjgazDEXHR6t8oGJiHM6wq5XlAw==",
      "requires": {
        "global": "^4.3.1"
      }
    },
    "wrappy": {
      "version": "1.0.2",
      "resolved": "https://registry.npmjs.org/wrappy/-/wrappy-1.0.2.tgz",
      "integrity": "sha1-tSQ9jz7BqjXxNkYFvA0QNuMKtp8="
    },
    "xhr": {
      "version": "2.2.2",
      "resolved": "https://registry.npmjs.org/xhr/-/xhr-2.2.2.tgz",
      "integrity": "sha1-LuclcYafhobUFVmp6ihsGJcUNf8=",
      "requires": {
        "global": "~4.3.0",
        "is-function": "^1.0.1",
        "parse-headers": "^2.0.0",
        "xtend": "^4.0.0"
      },
      "dependencies": {
        "global": {
          "version": "4.3.2",
          "resolved": "https://registry.npmjs.org/global/-/global-4.3.2.tgz",
          "integrity": "sha1-52mJJopsdMOJCLEwWxD8DjlOnQ8=",
          "requires": {
            "min-document": "^2.19.0",
            "process": "~0.5.1"
          }
        },
        "process": {
          "version": "0.5.2",
          "resolved": "https://registry.npmjs.org/process/-/process-0.5.2.tgz",
          "integrity": "sha1-FjjYqONML0QKkduVq5rrZ3/Bhc8="
        }
      }
    },
    "xmldom": {
      "version": "0.1.31",
      "resolved": "https://registry.npmjs.org/xmldom/-/xmldom-0.1.31.tgz",
      "integrity": "sha512-yS2uJflVQs6n+CyjHoaBmVSqIDevTAWrzMmjG1Gc7h1qQ7uVozNhEPJAwZXWyGQ/Gafo3fCwrcaokezLPupVyQ=="
    },
    "xtend": {
      "version": "4.0.2",
      "resolved": "https://registry.npmjs.org/xtend/-/xtend-4.0.2.tgz",
      "integrity": "sha512-LKYU1iAXJXUgAXn9URjiu+MWhyUXHsvfp7mcuYm9dSUKK0/CjtrUwFAxD82/mCWbtLsGjFIad0wIsod4zrTAEQ=="
    }
  }
}
